
Microsoft Visual Studio Solution File, Format Version 12.00
# Visual Studio Version 16
VisualStudioVersion = 16.0.29609.76
MinimumVisualStudioVersion = 10.0.40219.1
Project("{FAE04EC0-301F-11D3-BF4B-00C04F79EFBC}") = "MeetingSimulator.Core", "MeetingSimulator.Core\MeetingSimulator.Core.csproj", "{F525859F-A774-4668-A318-8682B6CFEBE4}"
EndProject
Project("{FAE04EC0-301F-11D3-BF4B-00C04F79EFBC}") = "MeetingSimulator.Core.Tests", "MeetingSimulator.Core.Tests\MeetingSimulator.Core.Tests.csproj", "{11CF67BD-859F-40B7-ABDD-60AD025BF79D}"
EndProject
Project("{FAE04EC0-301F-11D3-BF4B-00C04F79EFBC}") = "MeetingSimulator.Api", "MeetingSimulator.Api\MeetingSimulator.Api.csproj", "{9E72C93A-835B-4A99-A8BF-5E5CF1D7AC6E}"
EndProject
Global
	GlobalSection(SolutionConfigurationPlatforms) = preSolution
		Debug|Any CPU = Debug|Any CPU
		Release|Any CPU = Release|Any CPU
	EndGlobalSection
	GlobalSection(ProjectConfigurationPlatforms) = postSolution
		{F525859F-A774-4668-A318-8682B6CFEBE4}.Debug|Any CPU.ActiveCfg = Debug|Any CPU
		{F525859F-A774-4668-A318-8682B6CFEBE4}.Debug|Any CPU.Build.0 = Debug|Any CPU
		{F525859F-A774-4668-A318-8682B6CFEBE4}.Release|Any CPU.ActiveCfg = Release|Any CPU
		{F525859F-A774-4668-A318-8682B6CFEBE4}.Release|Any CPU.Build.0 = Release|Any CPU
		{11CF67BD-859F-40B7-ABDD-60AD025BF79D}.Debug|Any CPU.ActiveCfg = Debug|Any CPU
		{11CF67BD-859F-40B7-ABDD-60AD025BF79D}.Debug|Any CPU.Build.0 = Debug|Any CPU
		{11CF67BD-859F-40B7-ABDD-60AD025BF79D}.Release|Any CPU.ActiveCfg = Release|Any CPU
		{11CF67BD-859F-40B7-ABDD-60AD025BF79D}.Release|Any CPU.Build.0 = Release|Any CPU
		{9E72C93A-835B-4A99-A8BF-5E5CF1D7AC6E}.Debug|Any CPU.ActiveCfg = Debug|Any CPU
		{9E72C93A-835B-4A99-A8BF-5E5CF1D7AC6E}.Debug|Any CPU.Build.0 = Debug|Any CPU
		{9E72C93A-835B-4A99-A8BF-5E5CF1D7AC6E}.Release|Any CPU.ActiveCfg = Release|Any CPU
		{9E72C93A-835B-4A99-A8BF-5E5CF1D7AC6E}.Release|Any CPU.Build.0 = Release|Any CPU
	EndGlobalSection
	GlobalSection(SolutionProperties) = preSolution
		HideSolutionNode = FALSE
	EndGlobalSection
	GlobalSection(ExtensibilityGlobals) = postSolution
		SolutionGuid = {B74FA6D9-0AE9-4224-A7E3-7C8A99532680}
	EndGlobalSection
EndGlobal
